{
  "name": "vtv-model",
  "version": "1.0.0-pre.5",
  "lockfileVersion": 2,
  "requires": true,
  "packages": {
    "": {
      "name": "vtv-model",
      "version": "1.0.0-pre.5",
      "dependencies": {
        "immer": "^9.0.15",
        "j2ref": "^1.0.0",
        "json-ptr": "^3.1.1",
        "lodash": "^4.17.20",
        "path-to-regexp": "^6.2.0",
        "tslib": "^2.1.0"
      }
    },
    "node_modules/immer": {
      "version": "9.0.15",
      "resolved": "https://registry.npmjs.org/immer/-/immer-9.0.15.tgz",
      "integrity": "sha512-2eB/sswms9AEUSkOm4SbV5Y7Vmt/bKRwByd52jfLkW4OLYeaTP3EEiJ9agqU0O/tq6Dk62Zfj+TJSqfm1rLVGQ==",
      "funding": {
        "type": "opencollective",
        "url": "https://opencollective.com/immer"
      }
    },
    "node_modules/j2ref": {
      "version": "1.0.0",
      "resolved": "https://registry.npmjs.org/j2ref/-/j2ref-1.0.0.tgz",
      "integrity": "sha512-jKklC825jgiFm+z6PaPeDmSoBYhXezmT4IUpQkVW3IcYiQjSAqNzrB3snqRvaNE5GLYcMMA3OOzpHIzJnaeUmQ=="
    },
    "node_modules/json-ptr": {
      "version": "3.1.1",
      "resolved": "https://registry.npmjs.org/json-ptr/-/json-ptr-3.1.1.tgz",
      "integrity": "sha512-SiSJQ805W1sDUCD1+/t1/1BIrveq2Fe9HJqENxZmMCILmrPI7WhS/pePpIOx85v6/H2z1Vy7AI08GV2TzfXocg=="
    },
    "node_modules/lodash": {
      "version": "4.17.21",
      "resolved": "https://registry.npmjs.org/lodash/-/lodash-4.17.21.tgz",
      "integrity": "sha512-v2kDEe57lecTulaDIuNTPy3Ry4gLGJ6Z1O3vE1krgXZNrsQ+LFTGHVxVjcXPs17LhbZVGedAJv8XZ1tvj5FvSg=="
    },
    "node_modules/path-to-regexp": {
      "version": "6.2.0",
      "resolved": "https://registry.npmjs.org/path-to-regexp/-/path-to-regexp-6.2.0.tgz",
      "integrity": "sha512-f66KywYG6+43afgE/8j/GoiNyygk/bnoCbps++3ErRKsIYkGGupyv07R2Ok5m9i67Iqc+T2g1eAUGUPzWhYTyg=="
    },
    "node_modules/tslib": {
      "version": "2.1.0",
      "resolved": "https://registry.npmjs.org/tslib/-/tslib-2.1.0.tgz",
      "integrity": "sha512-hcVC3wYEziELGGmEEXue7D75zbwIIVUMWAVbHItGPx0ziyXxrOMQx4rQEVEV45Ut/1IotuEvwqPopzIOkDMf0A=="
    }
  },
  "dependencies": {
    "immer": {
      "version": "9.0.15",
      "resolved": "https://registry.npmjs.org/immer/-/immer-9.0.15.tgz",
      "integrity": "sha512-2eB/sswms9AEUSkOm4SbV5Y7Vmt/bKRwByd52jfLkW4OLYeaTP3EEiJ9agqU0O/tq6Dk62Zfj+TJSqfm1rLVGQ=="
    },
    "j2ref": {
      "version": "1.0.0",
      "resolved": "https://registry.npmjs.org/j2ref/-/j2ref-1.0.0.tgz",
      "integrity": "sha512-jKklC825jgiFm+z6PaPeDmSoBYhXezmT4IUpQkVW3IcYiQjSAqNzrB3snqRvaNE5GLYcMMA3OOzpHIzJnaeUmQ=="
    },
    "json-ptr": {
      "version": "3.1.1",
      "resolved": "https://registry.npmjs.org/json-ptr/-/json-ptr-3.1.1.tgz",
      "integrity": "sha512-SiSJQ805W1sDUCD1+/t1/1BIrveq2Fe9HJqENxZmMCILmrPI7WhS/pePpIOx85v6/H2z1Vy7AI08GV2TzfXocg=="
    },
    "lodash": {
      "version": "4.17.21",
      "resolved": "https://registry.npmjs.org/lodash/-/lodash-4.17.21.tgz",
      "integrity": "sha512-v2kDEe57lecTulaDIuNTPy3Ry4gLGJ6Z1O3vE1krgXZNrsQ+LFTGHVxVjcXPs17LhbZVGedAJv8XZ1tvj5FvSg=="
    },
    "path-to-regexp": {
      "version": "6.2.0",
      "resolved": "https://registry.npmjs.org/path-to-regexp/-/path-to-regexp-6.2.0.tgz",
      "integrity": "sha512-f66KywYG6+43afgE/8j/GoiNyygk/bnoCbps++3ErRKsIYkGGupyv07R2Ok5m9i67Iqc+T2g1eAUGUPzWhYTyg=="
    },
    "tslib": {
      "version": "2.1.0",
      "resolved": "https://registry.npmjs.org/tslib/-/tslib-2.1.0.tgz",
      "integrity": "sha512-hcVC3wYEziELGGmEEXue7D75zbwIIVUMWAVbHItGPx0ziyXxrOMQx4rQEVEV45Ut/1IotuEvwqPopzIOkDMf0A=="
    }
  }
}
