{
  "name": "vtv-model",
  "version": "1.0.0-pre.2",
  "lockfileVersion": 1,
  "requires": true,
  "dependencies": {
    "immer": {
      "version": "7.0.15",
      "resolved": "https://registry.npmjs.org/immer/-/immer-7.0.15.tgz",
      "integrity": "sha512-yM7jo9+hvYgvdCQdqvhCNRRio0SCXc8xDPzA25SvKWa7b1WVPjLwQs1VYU5JPXjcJPTqAa5NP5dqpORGYBQ2AA=="
    },
    "j2ref": {
      "version": "1.0.0",
      "resolved": "https://registry.npmjs.org/j2ref/-/j2ref-1.0.0.tgz",
      "integrity": "sha512-jKklC825jgiFm+z6PaPeDmSoBYhXezmT4IUpQkVW3IcYiQjSAqNzrB3snqRvaNE5GLYcMMA3OOzpHIzJnaeUmQ=="
    },
    "json-ptr": {
      "version": "1.3.2",
      "resolved": "https://registry.npmjs.org/json-ptr/-/json-ptr-1.3.2.tgz",
      "integrity": "sha512-tFH40YQ+lG7mgYYM1kGZOhQngO4SbOEHZJlA4W+NtetWZ20EUU3BPU+30uWRKumuAJoSo5eqrsXD2h72ioS8ew==",
      "requires": {
        "tslib": "^2.0.0"
      }
    },
    "lodash": {
      "version": "4.17.20",
      "resolved": "https://registry.npmjs.org/lodash/-/lodash-4.17.20.tgz",
      "integrity": "sha512-PlhdFcillOINfeV7Ni6oF1TAEayyZBoZ8bcshTHqOYJYlrqzRK5hagpagky5o4HfCzzd1TRkXPMFq6cKk9rGmA=="
    },
    "path-to-regexp": {
      "version": "6.2.0",
      "resolved": "https://registry.npmjs.org/path-to-regexp/-/path-to-regexp-6.2.0.tgz",
      "integrity": "sha512-f66KywYG6+43afgE/8j/GoiNyygk/bnoCbps++3ErRKsIYkGGupyv07R2Ok5m9i67Iqc+T2g1eAUGUPzWhYTyg=="
    },
    "tslib": {
      "version": "2.1.0",
      "resolved": "https://registry.npmjs.org/tslib/-/tslib-2.1.0.tgz",
      "integrity": "sha512-hcVC3wYEziELGGmEEXue7D75zbwIIVUMWAVbHItGPx0ziyXxrOMQx4rQEVEV45Ut/1IotuEvwqPopzIOkDMf0A=="
    }
  }
}
