{
  "name": "vtv-model",
  "version": "1.0.0-pre.5",
  "lockfileVersion": 1,
  "requires": true,
  "dependencies": {
    "immer": {
      "version": "8.0.4",
      "resolved": "https://registry.npmjs.org/immer/-/immer-8.0.4.tgz",
      "integrity": "sha512-jMfL18P+/6P6epANRvRk6q8t+3gGhqsJ9EuJ25AXE+9bNTYtssvzeYbEd0mXRYWCmmXSIbnlpz6vd6iJlmGGGQ=="
    },
    "j2ref": {
      "version": "1.0.0",
      "resolved": "https://registry.npmjs.org/j2ref/-/j2ref-1.0.0.tgz",
      "integrity": "sha512-jKklC825jgiFm+z6PaPeDmSoBYhXezmT4IUpQkVW3IcYiQjSAqNzrB3snqRvaNE5GLYcMMA3OOzpHIzJnaeUmQ=="
    },
    "json-ptr": {
      "version": "2.0.0",
      "resolved": "https://registry.npmjs.org/json-ptr/-/json-ptr-2.0.0.tgz",
      "integrity": "sha512-VGP7ucQzBLJFUC8sWR57ALW/+iui9NCE2i61SULum4TBfu9664bCdWjuRkjghbg1rj1k+8+PciKbfFJdGQlS1w==",
      "requires": {
        "tslib": "^2.0.3"
      }
    },
    "lodash": {
      "version": "4.17.21",
      "resolved": "https://registry.npmjs.org/lodash/-/lodash-4.17.21.tgz",
      "integrity": "sha512-v2kDEe57lecTulaDIuNTPy3Ry4gLGJ6Z1O3vE1krgXZNrsQ+LFTGHVxVjcXPs17LhbZVGedAJv8XZ1tvj5FvSg=="
    },
    "path-to-regexp": {
      "version": "6.2.0",
      "resolved": "https://registry.npmjs.org/path-to-regexp/-/path-to-regexp-6.2.0.tgz",
      "integrity": "sha512-f66KywYG6+43afgE/8j/GoiNyygk/bnoCbps++3ErRKsIYkGGupyv07R2Ok5m9i67Iqc+T2g1eAUGUPzWhYTyg=="
    },
    "tslib": {
      "version": "2.1.0",
      "resolved": "https://registry.npmjs.org/tslib/-/tslib-2.1.0.tgz",
      "integrity": "sha512-hcVC3wYEziELGGmEEXue7D75zbwIIVUMWAVbHItGPx0ziyXxrOMQx4rQEVEV45Ut/1IotuEvwqPopzIOkDMf0A=="
    }
  }
}
